
Microsoft Visual Studio Solution File, Format Version 12.00
# Visual Studio Version 17
VisualStudioVersion = 17.7.34031.279
MinimumVisualStudioVersion = 10.0.40219.1
Project("{9A19103F-16F7-4668-BE54-9A1E7A4F7556}") = "WebApp", "WebApp\WebApp.csproj", "{ABB137DF-9BE8-48EB-A1B7-159B89836509}"
EndProject
Project("{9A19103F-16F7-4668-BE54-9A1E7A4F7556}") = "User", "Domain\User\User.csproj", "{DFCB9096-93D2-45AB-8BCF-AEF74074D7A0}"
EndProject
Project("{9A19103F-16F7-4668-BE54-9A1E7A4F7556}") = "Entities", "Entities\Entities.csproj", "{68CA5304-CB41-4E9F-AD4C-3864D779FDAC}"
EndProject
Project("{9A19103F-16F7-4668-BE54-9A1E7A4F7556}") = "Message", "Domain\Message\Message.csproj", "{2FF9ACD4-00D7-4C7C-A266-8552E6AAE772}"
EndProject
Project("{9A19103F-16F7-4668-BE54-9A1E7A4F7556}") = "Infrastructure", "Infrastructure\Infrastructure.csproj", "{E3593691-D457-43CA-8333-B7FF0FF2D48C}"
EndProject
Project("{9A19103F-16F7-4668-BE54-9A1E7A4F7556}") = "DataAccess", "DataAccess\DataAccess.csproj", "{ADF184C5-1838-47D6-AB72-D5296738F71B}"
EndProject
Project("{9A19103F-16F7-4668-BE54-9A1E7A4F7556}") = "Location", "Domain\Location\Location.csproj", "{C6989395-13C7-4AFF-89C0-59C557DE399A}"
EndProject
Project("{9A19103F-16F7-4668-BE54-9A1E7A4F7556}") = "BlazorApp", "BlazorApp\BlazorApp.csproj", "{48BB8EC8-0776-46E1-A627-01EB74545DCB}"
EndProject
Project("{FAE04EC0-301F-11D3-BF4B-00C04F79EFBC}") = "FileStorage", "FileStorage\FileStorage.csproj", "{FA77840D-D4BD-493D-8358-F5AC7A3625DA}"
EndProject
Project("{FAE04EC0-301F-11D3-BF4B-00C04F79EFBC}") = "Common", "Common\Common.csproj", "{216B3A1E-EA66-4811-A0A5-448DD119EB22}"
EndProject
Project("{FAE04EC0-301F-11D3-BF4B-00C04F79EFBC}") = "MessageBroker", "MessageBroker\MessageBroker.csproj", "{72566926-35C5-4F8E-9016-CBBD40FCC788}"
EndProject
Global
	GlobalSection(SolutionConfigurationPlatforms) = preSolution
		Debug|Any CPU = Debug|Any CPU
		Release|Any CPU = Release|Any CPU
	EndGlobalSection
	GlobalSection(ProjectConfigurationPlatforms) = postSolution
		{ABB137DF-9BE8-48EB-A1B7-159B89836509}.Debug|Any CPU.ActiveCfg = Debug|Any CPU
		{ABB137DF-9BE8-48EB-A1B7-159B89836509}.Debug|Any CPU.Build.0 = Debug|Any CPU
		{ABB137DF-9BE8-48EB-A1B7-159B89836509}.Release|Any CPU.ActiveCfg = Release|Any CPU
		{ABB137DF-9BE8-48EB-A1B7-159B89836509}.Release|Any CPU.Build.0 = Release|Any CPU
		{DFCB9096-93D2-45AB-8BCF-AEF74074D7A0}.Debug|Any CPU.ActiveCfg = Debug|Any CPU
		{DFCB9096-93D2-45AB-8BCF-AEF74074D7A0}.Debug|Any CPU.Build.0 = Debug|Any CPU
		{DFCB9096-93D2-45AB-8BCF-AEF74074D7A0}.Release|Any CPU.ActiveCfg = Release|Any CPU
		{DFCB9096-93D2-45AB-8BCF-AEF74074D7A0}.Release|Any CPU.Build.0 = Release|Any CPU
		{68CA5304-CB41-4E9F-AD4C-3864D779FDAC}.Debug|Any CPU.ActiveCfg = Debug|Any CPU
		{68CA5304-CB41-4E9F-AD4C-3864D779FDAC}.Debug|Any CPU.Build.0 = Debug|Any CPU
		{68CA5304-CB41-4E9F-AD4C-3864D779FDAC}.Release|Any CPU.ActiveCfg = Release|Any CPU
		{68CA5304-CB41-4E9F-AD4C-3864D779FDAC}.Release|Any CPU.Build.0 = Release|Any CPU
		{2FF9ACD4-00D7-4C7C-A266-8552E6AAE772}.Debug|Any CPU.ActiveCfg = Debug|Any CPU
		{2FF9ACD4-00D7-4C7C-A266-8552E6AAE772}.Debug|Any CPU.Build.0 = Debug|Any CPU
		{2FF9ACD4-00D7-4C7C-A266-8552E6AAE772}.Release|Any CPU.ActiveCfg = Release|Any CPU
		{2FF9ACD4-00D7-4C7C-A266-8552E6AAE772}.Release|Any CPU.Build.0 = Release|Any CPU
		{E3593691-D457-43CA-8333-B7FF0FF2D48C}.Debug|Any CPU.ActiveCfg = Debug|Any CPU
		{E3593691-D457-43CA-8333-B7FF0FF2D48C}.Debug|Any CPU.Build.0 = Debug|Any CPU
		{E3593691-D457-43CA-8333-B7FF0FF2D48C}.Release|Any CPU.ActiveCfg = Release|Any CPU
		{E3593691-D457-43CA-8333-B7FF0FF2D48C}.Release|Any CPU.Build.0 = Release|Any CPU
		{ADF184C5-1838-47D6-AB72-D5296738F71B}.Debug|Any CPU.ActiveCfg = Debug|Any CPU
		{ADF184C5-1838-47D6-AB72-D5296738F71B}.Debug|Any CPU.Build.0 = Debug|Any CPU
		{ADF184C5-1838-47D6-AB72-D5296738F71B}.Release|Any CPU.ActiveCfg = Release|Any CPU
		{ADF184C5-1838-47D6-AB72-D5296738F71B}.Release|Any CPU.Build.0 = Release|Any CPU
		{C6989395-13C7-4AFF-89C0-59C557DE399A}.Debug|Any CPU.ActiveCfg = Debug|Any CPU
		{C6989395-13C7-4AFF-89C0-59C557DE399A}.Debug|Any CPU.Build.0 = Debug|Any CPU
		{C6989395-13C7-4AFF-89C0-59C557DE399A}.Release|Any CPU.ActiveCfg = Release|Any CPU
		{C6989395-13C7-4AFF-89C0-59C557DE399A}.Release|Any CPU.Build.0 = Release|Any CPU
		{48BB8EC8-0776-46E1-A627-01EB74545DCB}.Debug|Any CPU.ActiveCfg = Debug|Any CPU
		{48BB8EC8-0776-46E1-A627-01EB74545DCB}.Debug|Any CPU.Build.0 = Debug|Any CPU
		{48BB8EC8-0776-46E1-A627-01EB74545DCB}.Release|Any CPU.ActiveCfg = Release|Any CPU
		{48BB8EC8-0776-46E1-A627-01EB74545DCB}.Release|Any CPU.Build.0 = Release|Any CPU
		{FA77840D-D4BD-493D-8358-F5AC7A3625DA}.Debug|Any CPU.ActiveCfg = Debug|Any CPU
		{FA77840D-D4BD-493D-8358-F5AC7A3625DA}.Debug|Any CPU.Build.0 = Debug|Any CPU
		{FA77840D-D4BD-493D-8358-F5AC7A3625DA}.Release|Any CPU.ActiveCfg = Release|Any CPU
		{FA77840D-D4BD-493D-8358-F5AC7A3625DA}.Release|Any CPU.Build.0 = Release|Any CPU
		{216B3A1E-EA66-4811-A0A5-448DD119EB22}.Debug|Any CPU.ActiveCfg = Debug|Any CPU
		{216B3A1E-EA66-4811-A0A5-448DD119EB22}.Debug|Any CPU.Build.0 = Debug|Any CPU
		{216B3A1E-EA66-4811-A0A5-448DD119EB22}.Release|Any CPU.ActiveCfg = Release|Any CPU
		{216B3A1E-EA66-4811-A0A5-448DD119EB22}.Release|Any CPU.Build.0 = Release|Any CPU
		{72566926-35C5-4F8E-9016-CBBD40FCC788}.Debug|Any CPU.ActiveCfg = Debug|Any CPU
		{72566926-35C5-4F8E-9016-CBBD40FCC788}.Debug|Any CPU.Build.0 = Debug|Any CPU
		{72566926-35C5-4F8E-9016-CBBD40FCC788}.Release|Any CPU.ActiveCfg = Release|Any CPU
		{72566926-35C5-4F8E-9016-CBBD40FCC788}.Release|Any CPU.Build.0 = Release|Any CPU
	EndGlobalSection
	GlobalSection(SolutionProperties) = preSolution
		HideSolutionNode = FALSE
	EndGlobalSection
	GlobalSection(ExtensibilityGlobals) = postSolution
		SolutionGuid = {D7668322-386F-4732-8ED5-B570D5FB2659}
	EndGlobalSection
EndGlobal
